
Microsoft Visual Studio Solution File, Format Version 12.00
Project("{FAE04EC0-301F-11D3-BF4B-00C04F79EFBC}") = "FraudDetection", "FraudDetection\FraudDetection.csproj", "{D6DEAA2F-9C4B-4C2B-9855-A88F5682203A}"
EndProject
Global
	GlobalSection(SolutionConfigurationPlatforms) = preSolution
		Debug|Any CPU = Debug|Any CPU
		Release|Any CPU = Release|Any CPU
	EndGlobalSection
	GlobalSection(ProjectConfigurationPlatforms) = postSolution
		{D6DEAA2F-9C4B-4C2B-9855-A88F5682203A}.Debug|Any CPU.ActiveCfg = Debug|Any CPU
		{D6DEAA2F-9C4B-4C2B-9855-A88F5682203A}.Debug|Any CPU.Build.0 = Debug|Any CPU
		{D6DEAA2F-9C4B-4C2B-9855-A88F5682203A}.Release|Any CPU.ActiveCfg = Release|Any CPU
		{D6DEAA2F-9C4B-4C2B-9855-A88F5682203A}.Release|Any CPU.Build.0 = Release|Any CPU
	EndGlobalSection
EndGlobal
